
Microsoft Visual Studio Solution File, Format Version 12.00
# Visual Studio 15
VisualStudioVersion = 15.0.27703.2035
MinimumVisualStudioVersion = 10.0.40219.1
Project("{FAE04EC0-301F-11D3-BF4B-00C04F79EFBC}") = "Razor", "Razor\Razor.csproj", "{46A4EEE8-96B1-4ED9-8197-E0C13CC3EE1D}"
EndProject
Global
	GlobalSection(SolutionConfigurationPlatforms) = preSolution
		Debug|Any CPU = Debug|Any CPU
		Release|Any CPU = Release|Any CPU
	EndGlobalSection
	GlobalSection(ProjectConfigurationPlatforms) = postSolution
		{46A4EEE8-96B1-4ED9-8197-E0C13CC3EE1D}.Debug|Any CPU.ActiveCfg = Debug|Any CPU
		{46A4EEE8-96B1-4ED9-8197-E0C13CC3EE1D}.Debug|Any CPU.Build.0 = Debug|Any CPU
		{46A4EEE8-96B1-4ED9-8197-E0C13CC3EE1D}.Release|Any CPU.ActiveCfg = Release|Any CPU
		{46A4EEE8-96B1-4ED9-8197-E0C13CC3EE1D}.Release|Any CPU.Build.0 = Release|Any CPU
	EndGlobalSection
	GlobalSection(SolutionProperties) = preSolution
		HideSolutionNode = FALSE
	EndGlobalSection
	GlobalSection(ExtensibilityGlobals) = postSolution
		SolutionGuid = {D85FD40C-70B6-4638-BD7E-50CAF7344FAC}
	EndGlobalSection
EndGlobal
