
Microsoft Visual Studio Solution File, Format Version 12.00
# Visual Studio 15
VisualStudioVersion = 15.0.27703.2042
MinimumVisualStudioVersion = 10.0.40219.1
Project("{FAE04EC0-301F-11D3-BF4B-00C04F79EFBC}") = "UrlsAndRoutes", "UrlsAndRoutes\UrlsAndRoutes.csproj", "{2CE464DD-0EE2-47E5-AC31-786AEBFDD352}"
EndProject
Project("{FAE04EC0-301F-11D3-BF4B-00C04F79EFBC}") = "UrlsAndRoutes.Tests", "UrlsAndRoutes.Tests\UrlsAndRoutes.Tests.csproj", "{DAA9CE3A-75FE-441C-8438-65494702C035}"
EndProject
Global
	GlobalSection(SolutionConfigurationPlatforms) = preSolution
		Debug|Any CPU = Debug|Any CPU
		Release|Any CPU = Release|Any CPU
	EndGlobalSection
	GlobalSection(ProjectConfigurationPlatforms) = postSolution
		{2CE464DD-0EE2-47E5-AC31-786AEBFDD352}.Debug|Any CPU.ActiveCfg = Debug|Any CPU
		{2CE464DD-0EE2-47E5-AC31-786AEBFDD352}.Debug|Any CPU.Build.0 = Debug|Any CPU
		{2CE464DD-0EE2-47E5-AC31-786AEBFDD352}.Release|Any CPU.ActiveCfg = Release|Any CPU
		{2CE464DD-0EE2-47E5-AC31-786AEBFDD352}.Release|Any CPU.Build.0 = Release|Any CPU
		{DAA9CE3A-75FE-441C-8438-65494702C035}.Debug|Any CPU.ActiveCfg = Debug|Any CPU
		{DAA9CE3A-75FE-441C-8438-65494702C035}.Debug|Any CPU.Build.0 = Debug|Any CPU
		{DAA9CE3A-75FE-441C-8438-65494702C035}.Release|Any CPU.ActiveCfg = Release|Any CPU
		{DAA9CE3A-75FE-441C-8438-65494702C035}.Release|Any CPU.Build.0 = Release|Any CPU
	EndGlobalSection
	GlobalSection(SolutionProperties) = preSolution
		HideSolutionNode = FALSE
	EndGlobalSection
	GlobalSection(ExtensibilityGlobals) = postSolution
		SolutionGuid = {29CE6D50-2898-4517-B71F-290572A8E944}
	EndGlobalSection
EndGlobal
