
Microsoft Visual Studio Solution File, Format Version 12.00
# Visual Studio 15
VisualStudioVersion = 15.0.27703.2042
MinimumVisualStudioVersion = 10.0.40219.1
Project("{FAE04EC0-301F-11D3-BF4B-00C04F79EFBC}") = "Plugin3", "Plugin3\Plugin3.csproj", "{1F82606B-5ECA-4C61-93E0-C1F037D068CE}"
EndProject
Project("{FAE04EC0-301F-11D3-BF4B-00C04F79EFBC}") = "Plugin3UT", "Plugin3UT\Plugin3UT.csproj", "{A7549F4E-F4E4-4D33-9080-CF40AD314495}"
EndProject
Global
	GlobalSection(SolutionConfigurationPlatforms) = preSolution
		Debug|Any CPU = Debug|Any CPU
		Release|Any CPU = Release|Any CPU
	EndGlobalSection
	GlobalSection(ProjectConfigurationPlatforms) = postSolution
		{1F82606B-5ECA-4C61-93E0-C1F037D068CE}.Debug|Any CPU.ActiveCfg = Debug|Any CPU
		{1F82606B-5ECA-4C61-93E0-C1F037D068CE}.Debug|Any CPU.Build.0 = Debug|Any CPU
		{1F82606B-5ECA-4C61-93E0-C1F037D068CE}.Release|Any CPU.ActiveCfg = Release|Any CPU
		{1F82606B-5ECA-4C61-93E0-C1F037D068CE}.Release|Any CPU.Build.0 = Release|Any CPU
		{A7549F4E-F4E4-4D33-9080-CF40AD314495}.Debug|Any CPU.ActiveCfg = Debug|Any CPU
		{A7549F4E-F4E4-4D33-9080-CF40AD314495}.Debug|Any CPU.Build.0 = Debug|Any CPU
		{A7549F4E-F4E4-4D33-9080-CF40AD314495}.Release|Any CPU.ActiveCfg = Release|Any CPU
		{A7549F4E-F4E4-4D33-9080-CF40AD314495}.Release|Any CPU.Build.0 = Release|Any CPU
	EndGlobalSection
	GlobalSection(SolutionProperties) = preSolution
		HideSolutionNode = FALSE
	EndGlobalSection
	GlobalSection(ExtensibilityGlobals) = postSolution
		SolutionGuid = {9E17B589-1D42-4D22-B1C1-C9E29B1733E5}
	EndGlobalSection
EndGlobal
