
Microsoft Visual Studio Solution File, Format Version 12.00
# Visual Studio 15
VisualStudioVersion = 15.0.27703.2035
MinimumVisualStudioVersion = 10.0.40219.1
Project("{FAE04EC0-301F-11D3-BF4B-00C04F79EFBC}") = "SportsStore.WebUI", "SportsStore.WebUI\SportsStore.WebUI.csproj", "{99DF1C16-8628-4D2F-976C-FF9BFB19BD3A}"
EndProject
Project("{FAE04EC0-301F-11D3-BF4B-00C04F79EFBC}") = "SportsStore.UnitTests", "SportsStore.UnitTests\SportsStore.UnitTests.csproj", "{3B04A1D5-DC14-41C3-AE94-590BAB24FAE1}"
EndProject
Project("{FAE04EC0-301F-11D3-BF4B-00C04F79EFBC}") = "SportsStore.Domain", "SportsStore.Domain\SportsStore.Domain.csproj", "{681812E2-5C8D-451A-ACE0-C604CCE7BEBB}"
EndProject
Global
	GlobalSection(SolutionConfigurationPlatforms) = preSolution
		Debug|Any CPU = Debug|Any CPU
		Release|Any CPU = Release|Any CPU
	EndGlobalSection
	GlobalSection(ProjectConfigurationPlatforms) = postSolution
		{99DF1C16-8628-4D2F-976C-FF9BFB19BD3A}.Debug|Any CPU.ActiveCfg = Debug|Any CPU
		{99DF1C16-8628-4D2F-976C-FF9BFB19BD3A}.Debug|Any CPU.Build.0 = Debug|Any CPU
		{99DF1C16-8628-4D2F-976C-FF9BFB19BD3A}.Release|Any CPU.ActiveCfg = Release|Any CPU
		{99DF1C16-8628-4D2F-976C-FF9BFB19BD3A}.Release|Any CPU.Build.0 = Release|Any CPU
		{3B04A1D5-DC14-41C3-AE94-590BAB24FAE1}.Debug|Any CPU.ActiveCfg = Debug|Any CPU
		{3B04A1D5-DC14-41C3-AE94-590BAB24FAE1}.Debug|Any CPU.Build.0 = Debug|Any CPU
		{3B04A1D5-DC14-41C3-AE94-590BAB24FAE1}.Release|Any CPU.ActiveCfg = Release|Any CPU
		{3B04A1D5-DC14-41C3-AE94-590BAB24FAE1}.Release|Any CPU.Build.0 = Release|Any CPU
		{681812E2-5C8D-451A-ACE0-C604CCE7BEBB}.Debug|Any CPU.ActiveCfg = Debug|Any CPU
		{681812E2-5C8D-451A-ACE0-C604CCE7BEBB}.Debug|Any CPU.Build.0 = Debug|Any CPU
		{681812E2-5C8D-451A-ACE0-C604CCE7BEBB}.Release|Any CPU.ActiveCfg = Release|Any CPU
		{681812E2-5C8D-451A-ACE0-C604CCE7BEBB}.Release|Any CPU.Build.0 = Release|Any CPU
	EndGlobalSection
	GlobalSection(SolutionProperties) = preSolution
		HideSolutionNode = FALSE
	EndGlobalSection
	GlobalSection(ExtensibilityGlobals) = postSolution
		SolutionGuid = {53E689C4-29F8-48C4-B298-F79C6C42990F}
	EndGlobalSection
EndGlobal
