
Microsoft Visual Studio Solution File, Format Version 12.00
# Visual Studio 15
VisualStudioVersion = 15.0.27703.2042
MinimumVisualStudioVersion = 10.0.40219.1
Project("{FAE04EC0-301F-11D3-BF4B-00C04F79EFBC}") = "QualifyLead", "QualifyLead\QualifyLead.csproj", "{BDFAF01A-8819-4281-AA09-595B74E36C4B}"
EndProject
Global
	GlobalSection(SolutionConfigurationPlatforms) = preSolution
		Debug|Any CPU = Debug|Any CPU
		Release|Any CPU = Release|Any CPU
	EndGlobalSection
	GlobalSection(ProjectConfigurationPlatforms) = postSolution
		{BDFAF01A-8819-4281-AA09-595B74E36C4B}.Debug|Any CPU.ActiveCfg = Debug|Any CPU
		{BDFAF01A-8819-4281-AA09-595B74E36C4B}.Debug|Any CPU.Build.0 = Debug|Any CPU
		{BDFAF01A-8819-4281-AA09-595B74E36C4B}.Release|Any CPU.ActiveCfg = Release|Any CPU
		{BDFAF01A-8819-4281-AA09-595B74E36C4B}.Release|Any CPU.Build.0 = Release|Any CPU
	EndGlobalSection
	GlobalSection(SolutionProperties) = preSolution
		HideSolutionNode = FALSE
	EndGlobalSection
	GlobalSection(ExtensibilityGlobals) = postSolution
		SolutionGuid = {F0F89337-3E19-4D51-B581-1B4B4F3FD973}
	EndGlobalSection
EndGlobal
