
Microsoft Visual Studio Solution File, Format Version 12.00
# Visual Studio 15
VisualStudioVersion = 15.0.27703.2042
MinimumVisualStudioVersion = 10.0.40219.1
Project("{FAE04EC0-301F-11D3-BF4B-00C04F79EFBC}") = "DataLayer", "DataLayer\DataLayer.csproj", "{06642F0E-BA28-490E-A658-48EF45B9FF0A}"
EndProject
Project("{FAE04EC0-301F-11D3-BF4B-00C04F79EFBC}") = "DataInterface", "DataInterface\DataInterface.csproj", "{F88418A4-FBFF-4779-A1E1-8DB1DA605AAF}"
EndProject
Project("{FAE04EC0-301F-11D3-BF4B-00C04F79EFBC}") = "BusinessType", "BusinessType\BusinessType.csproj", "{A60DCE03-04F8-4521-8344-472B6DD14EC5}"
EndProject
Project("{FAE04EC0-301F-11D3-BF4B-00C04F79EFBC}") = "BusinessLayer", "BusinessLayer\BusinessLayer.csproj", "{EC4E5DEE-3231-4303-B1C1-38EC116CA0CC}"
EndProject
Project("{FAE04EC0-301F-11D3-BF4B-00C04F79EFBC}") = "BusinessInterface", "BusinessInterface\BusinessInterface.csproj", "{EC76CC7A-8A3D-43A9-9636-5A8801315242}"
EndProject
Project("{FAE04EC0-301F-11D3-BF4B-00C04F79EFBC}") = "UT", "UT\UT.csproj", "{E15E983A-1354-49EF-9199-D8DBC13948CB}"
EndProject
Project("{FAE04EC0-301F-11D3-BF4B-00C04F79EFBC}") = "UI", "UI\UI.csproj", "{2F904612-9CBD-493A-800B-55F9AABA8D93}"
EndProject
Global
	GlobalSection(SolutionConfigurationPlatforms) = preSolution
		Debug|Any CPU = Debug|Any CPU
		Release|Any CPU = Release|Any CPU
	EndGlobalSection
	GlobalSection(ProjectConfigurationPlatforms) = postSolution
		{06642F0E-BA28-490E-A658-48EF45B9FF0A}.Debug|Any CPU.ActiveCfg = Debug|Any CPU
		{06642F0E-BA28-490E-A658-48EF45B9FF0A}.Debug|Any CPU.Build.0 = Debug|Any CPU
		{06642F0E-BA28-490E-A658-48EF45B9FF0A}.Release|Any CPU.ActiveCfg = Release|Any CPU
		{06642F0E-BA28-490E-A658-48EF45B9FF0A}.Release|Any CPU.Build.0 = Release|Any CPU
		{F88418A4-FBFF-4779-A1E1-8DB1DA605AAF}.Debug|Any CPU.ActiveCfg = Debug|Any CPU
		{F88418A4-FBFF-4779-A1E1-8DB1DA605AAF}.Debug|Any CPU.Build.0 = Debug|Any CPU
		{F88418A4-FBFF-4779-A1E1-8DB1DA605AAF}.Release|Any CPU.ActiveCfg = Release|Any CPU
		{F88418A4-FBFF-4779-A1E1-8DB1DA605AAF}.Release|Any CPU.Build.0 = Release|Any CPU
		{A60DCE03-04F8-4521-8344-472B6DD14EC5}.Debug|Any CPU.ActiveCfg = Debug|Any CPU
		{A60DCE03-04F8-4521-8344-472B6DD14EC5}.Debug|Any CPU.Build.0 = Debug|Any CPU
		{A60DCE03-04F8-4521-8344-472B6DD14EC5}.Release|Any CPU.ActiveCfg = Release|Any CPU
		{A60DCE03-04F8-4521-8344-472B6DD14EC5}.Release|Any CPU.Build.0 = Release|Any CPU
		{EC4E5DEE-3231-4303-B1C1-38EC116CA0CC}.Debug|Any CPU.ActiveCfg = Debug|Any CPU
		{EC4E5DEE-3231-4303-B1C1-38EC116CA0CC}.Debug|Any CPU.Build.0 = Debug|Any CPU
		{EC4E5DEE-3231-4303-B1C1-38EC116CA0CC}.Release|Any CPU.ActiveCfg = Release|Any CPU
		{EC4E5DEE-3231-4303-B1C1-38EC116CA0CC}.Release|Any CPU.Build.0 = Release|Any CPU
		{EC76CC7A-8A3D-43A9-9636-5A8801315242}.Debug|Any CPU.ActiveCfg = Debug|Any CPU
		{EC76CC7A-8A3D-43A9-9636-5A8801315242}.Debug|Any CPU.Build.0 = Debug|Any CPU
		{EC76CC7A-8A3D-43A9-9636-5A8801315242}.Release|Any CPU.ActiveCfg = Release|Any CPU
		{EC76CC7A-8A3D-43A9-9636-5A8801315242}.Release|Any CPU.Build.0 = Release|Any CPU
		{E15E983A-1354-49EF-9199-D8DBC13948CB}.Debug|Any CPU.ActiveCfg = Debug|Any CPU
		{E15E983A-1354-49EF-9199-D8DBC13948CB}.Debug|Any CPU.Build.0 = Debug|Any CPU
		{E15E983A-1354-49EF-9199-D8DBC13948CB}.Release|Any CPU.ActiveCfg = Release|Any CPU
		{E15E983A-1354-49EF-9199-D8DBC13948CB}.Release|Any CPU.Build.0 = Release|Any CPU
		{2F904612-9CBD-493A-800B-55F9AABA8D93}.Debug|Any CPU.ActiveCfg = Debug|Any CPU
		{2F904612-9CBD-493A-800B-55F9AABA8D93}.Debug|Any CPU.Build.0 = Debug|Any CPU
		{2F904612-9CBD-493A-800B-55F9AABA8D93}.Release|Any CPU.ActiveCfg = Release|Any CPU
		{2F904612-9CBD-493A-800B-55F9AABA8D93}.Release|Any CPU.Build.0 = Release|Any CPU
	EndGlobalSection
	GlobalSection(SolutionProperties) = preSolution
		HideSolutionNode = FALSE
	EndGlobalSection
	GlobalSection(ExtensibilityGlobals) = postSolution
		SolutionGuid = {76A91FAD-31B8-4A6C-A18F-CB20678BEA8C}
	EndGlobalSection
EndGlobal
