
Microsoft Visual Studio Solution File, Format Version 12.00
# Visual Studio 15
VisualStudioVersion = 15.0.27703.2042
MinimumVisualStudioVersion = 10.0.40219.1
Project("{FAE04EC0-301F-11D3-BF4B-00C04F79EFBC}") = "WorkingWithRazor", "WorkingWithRazor\WorkingWithRazor.csproj", "{CD2EF2B9-1477-42C6-851E-CFB3A2C97DEA}"
EndProject
Global
	GlobalSection(SolutionConfigurationPlatforms) = preSolution
		Debug|Any CPU = Debug|Any CPU
		Release|Any CPU = Release|Any CPU
	EndGlobalSection
	GlobalSection(ProjectConfigurationPlatforms) = postSolution
		{CD2EF2B9-1477-42C6-851E-CFB3A2C97DEA}.Debug|Any CPU.ActiveCfg = Debug|Any CPU
		{CD2EF2B9-1477-42C6-851E-CFB3A2C97DEA}.Debug|Any CPU.Build.0 = Debug|Any CPU
		{CD2EF2B9-1477-42C6-851E-CFB3A2C97DEA}.Release|Any CPU.ActiveCfg = Release|Any CPU
		{CD2EF2B9-1477-42C6-851E-CFB3A2C97DEA}.Release|Any CPU.Build.0 = Release|Any CPU
	EndGlobalSection
	GlobalSection(SolutionProperties) = preSolution
		HideSolutionNode = FALSE
	EndGlobalSection
	GlobalSection(ExtensibilityGlobals) = postSolution
		SolutionGuid = {B4161C44-C96C-4579-A3E7-A1ADED3C896A}
	EndGlobalSection
EndGlobal
