
Microsoft Visual Studio Solution File, Format Version 12.00
# Visual Studio 15
VisualStudioVersion = 15.0.27703.2042
MinimumVisualStudioVersion = 10.0.40219.1
Project("{FAE04EC0-301F-11D3-BF4B-00C04F79EFBC}") = "ControllerExtensibility", "ControllerExtensibility\ControllerExtensibility.csproj", "{FB6B8FF1-9DFC-417C-8AF0-D884AFE8AC7E}"
EndProject
Global
	GlobalSection(SolutionConfigurationPlatforms) = preSolution
		Debug|Any CPU = Debug|Any CPU
		Release|Any CPU = Release|Any CPU
	EndGlobalSection
	GlobalSection(ProjectConfigurationPlatforms) = postSolution
		{FB6B8FF1-9DFC-417C-8AF0-D884AFE8AC7E}.Debug|Any CPU.ActiveCfg = Debug|Any CPU
		{FB6B8FF1-9DFC-417C-8AF0-D884AFE8AC7E}.Debug|Any CPU.Build.0 = Debug|Any CPU
		{FB6B8FF1-9DFC-417C-8AF0-D884AFE8AC7E}.Release|Any CPU.ActiveCfg = Release|Any CPU
		{FB6B8FF1-9DFC-417C-8AF0-D884AFE8AC7E}.Release|Any CPU.Build.0 = Release|Any CPU
	EndGlobalSection
	GlobalSection(SolutionProperties) = preSolution
		HideSolutionNode = FALSE
	EndGlobalSection
	GlobalSection(ExtensibilityGlobals) = postSolution
		SolutionGuid = {CF07E985-84E4-40A3-8241-4735A52A5ED5}
	EndGlobalSection
EndGlobal
