
Microsoft Visual Studio Solution File, Format Version 12.00
# Visual Studio 15
VisualStudioVersion = 15.0.27703.2042
MinimumVisualStudioVersion = 10.0.40219.1
Project("{FAE04EC0-301F-11D3-BF4B-00C04F79EFBC}") = "MvcModels", "MvcModels\MvcModels.csproj", "{D2F29AE1-EBBF-4F3A-9823-5F616D52FEE6}"
EndProject
Global
	GlobalSection(SolutionConfigurationPlatforms) = preSolution
		Debug|Any CPU = Debug|Any CPU
		Release|Any CPU = Release|Any CPU
	EndGlobalSection
	GlobalSection(ProjectConfigurationPlatforms) = postSolution
		{D2F29AE1-EBBF-4F3A-9823-5F616D52FEE6}.Debug|Any CPU.ActiveCfg = Debug|Any CPU
		{D2F29AE1-EBBF-4F3A-9823-5F616D52FEE6}.Debug|Any CPU.Build.0 = Debug|Any CPU
		{D2F29AE1-EBBF-4F3A-9823-5F616D52FEE6}.Release|Any CPU.ActiveCfg = Release|Any CPU
		{D2F29AE1-EBBF-4F3A-9823-5F616D52FEE6}.Release|Any CPU.Build.0 = Release|Any CPU
	EndGlobalSection
	GlobalSection(SolutionProperties) = preSolution
		HideSolutionNode = FALSE
	EndGlobalSection
	GlobalSection(ExtensibilityGlobals) = postSolution
		SolutionGuid = {3FE38CFA-9497-455A-B020-973434109FEC}
	EndGlobalSection
EndGlobal
