
Microsoft Visual Studio Solution File, Format Version 12.00
# Visual Studio 15
VisualStudioVersion = 15.0.27703.2042
MinimumVisualStudioVersion = 10.0.40219.1
Project("{FAE04EC0-301F-11D3-BF4B-00C04F79EFBC}") = "Plugin", "Plugin\Plugin.csproj", "{3858B713-32DE-4D45-8386-E531CBC99E65}"
EndProject
Project("{FAE04EC0-301F-11D3-BF4B-00C04F79EFBC}") = "PluginUT", "PluginUT\PluginUT.csproj", "{F3D4932A-B806-43F3-AE9A-CC6221F46AD5}"
EndProject
Global
	GlobalSection(SolutionConfigurationPlatforms) = preSolution
		Debug|Any CPU = Debug|Any CPU
		Release|Any CPU = Release|Any CPU
	EndGlobalSection
	GlobalSection(ProjectConfigurationPlatforms) = postSolution
		{3858B713-32DE-4D45-8386-E531CBC99E65}.Debug|Any CPU.ActiveCfg = Debug|Any CPU
		{3858B713-32DE-4D45-8386-E531CBC99E65}.Debug|Any CPU.Build.0 = Debug|Any CPU
		{3858B713-32DE-4D45-8386-E531CBC99E65}.Release|Any CPU.ActiveCfg = Release|Any CPU
		{3858B713-32DE-4D45-8386-E531CBC99E65}.Release|Any CPU.Build.0 = Release|Any CPU
		{F3D4932A-B806-43F3-AE9A-CC6221F46AD5}.Debug|Any CPU.ActiveCfg = Debug|Any CPU
		{F3D4932A-B806-43F3-AE9A-CC6221F46AD5}.Debug|Any CPU.Build.0 = Debug|Any CPU
		{F3D4932A-B806-43F3-AE9A-CC6221F46AD5}.Release|Any CPU.ActiveCfg = Release|Any CPU
		{F3D4932A-B806-43F3-AE9A-CC6221F46AD5}.Release|Any CPU.Build.0 = Release|Any CPU
	EndGlobalSection
	GlobalSection(SolutionProperties) = preSolution
		HideSolutionNode = FALSE
	EndGlobalSection
	GlobalSection(ExtensibilityGlobals) = postSolution
		SolutionGuid = {B7EFE021-C101-4439-B166-095A2EA5119F}
	EndGlobalSection
EndGlobal
